
Microsoft Visual Studio Solution File, Format Version 12.00
# Visual Studio Version 16
VisualStudioVersion = 16.0.29709.97
MinimumVisualStudioVersion = 10.0.40219.1
Project("{FAE04EC0-301F-11D3-BF4B-00C04F79EFBC}") = "Beadando", "Beadando\Beadando.csproj", "{6519FD66-96B7-45A9-A598-3EBDC3EEE9B9}"
EndProject
Global
	GlobalSection(SolutionConfigurationPlatforms) = preSolution
		Debug|Any CPU = Debug|Any CPU
		Release|Any CPU = Release|Any CPU
	EndGlobalSection
	GlobalSection(ProjectConfigurationPlatforms) = postSolution
		{6519FD66-96B7-45A9-A598-3EBDC3EEE9B9}.Debug|Any CPU.ActiveCfg = Debug|Any CPU
		{6519FD66-96B7-45A9-A598-3EBDC3EEE9B9}.Debug|Any CPU.Build.0 = Debug|Any CPU
		{6519FD66-96B7-45A9-A598-3EBDC3EEE9B9}.Release|Any CPU.ActiveCfg = Release|Any CPU
		{6519FD66-96B7-45A9-A598-3EBDC3EEE9B9}.Release|Any CPU.Build.0 = Release|Any CPU
	EndGlobalSection
	GlobalSection(SolutionProperties) = preSolution
		HideSolutionNode = FALSE
	EndGlobalSection
	GlobalSection(ExtensibilityGlobals) = postSolution
		SolutionGuid = {A586D486-C8E1-4014-B302-DA3C762DA022}
	EndGlobalSection
EndGlobal
